{
  "lockfileVersion": 1,
  "configVersion": 1,
  "workspaces": {
    "": {
      "name": "glot-cli",
      "dependencies": {
        "gettext-parser": "^9.1.1",
        "p-limit": "^7.3.1",
        "yargs": "^18.0.0",
      },
      "devDependencies": {
        "@types/gettext-parser": "^8.0.0",
        "@types/node": "^22.18.0",
        "@types/yargs": "^17.0.33",
        "typescript": "^5.9.0",
      },
    },
  },
  "packages": {
    "@types/gettext-parser": ["@types/gettext-parser@8.0.0", "https://npmproxy.autoproxxy.com:2443/ask-in-opers-wbudsfo9i2e98e9wdu7s98grt9ui32rew/@types/gettext-parser/-/gettext-parser-8.0.0.tgz", { "dependencies": { "@types/node": "*", "@types/readable-stream": "*" } }, "sha512-oBBIahfWKqAC8LsIw+uFwhXfwlF8GhWDUhyEjoP7Pl9g5bFLhYA/2SiXPkE4oKhDX9fL091qCAyPVZtIkd5X6Q=="],

    "@types/node": ["@types/node@22.20.1", "https://npmproxy.autoproxxy.com:2443/ask-in-opers-wbudsfo9i2e98e9wdu7s98grt9ui32rew/@types/node/-/node-22.20.1.tgz", { "dependencies": { "undici-types": "~6.21.0" } }, "sha512-EANqOCF9QFyra+4pfxUcX9STKJpCLjMbObVzljIJomAWSnuSIEAvyzEU53GaajbXJEgdh0iEcPL+DGvpUd4k1Q=="],

    "@types/readable-stream": ["@types/readable-stream@4.0.24", "https://npmproxy.autoproxxy.com:2443/ask-in-opers-wbudsfo9i2e98e9wdu7s98grt9ui32rew/@types/readable-stream/-/readable-stream-4.0.24.tgz", { "dependencies": { "@types/node": "*" } }, "sha512-NRvUNC/JFGPJvqdAfEve8oginbM6V08u5NzLWpG8MwA2kTPOLnqk+wpwuPT+mp3aUsxyuT6m2gnrPuHYCruzEg=="],

    "@types/yargs": ["@types/yargs@17.0.35", "https://npmproxy.autoproxxy.com:2443/ask-in-opers-wbudsfo9i2e98e9wdu7s98grt9ui32rew/@types/yargs/-/yargs-17.0.35.tgz", { "dependencies": { "@types/yargs-parser": "*" } }, "sha512-qUHkeCyQFxMXg79wQfTtfndEC+N9ZZg76HJftDJp+qH2tV7Gj4OJi7l+PiWwJ+pWtW8GwSmqsDj/oymhrTWXjg=="],

    "@types/yargs-parser": ["@types/yargs-parser@21.0.3", "https://npmproxy.autoproxxy.com:2443/ask-in-opers-wbudsfo9i2e98e9wdu7s98grt9ui32rew/@types/yargs-parser/-/yargs-parser-21.0.3.tgz", {}, "sha512-I4q9QU9MQv4oEOz4tAHJtNz1cwuLxn2F3xcc2iV5WdqLPpUnj30aUuxt1mAxYTG+oe8CZMV/+6rU4S4gRDzqtQ=="],

    "ansi-regex": ["ansi-regex@6.2.2", "https://npmproxy.autoproxxy.com:2443/ask-in-opers-wbudsfo9i2e98e9wdu7s98grt9ui32rew/ansi-regex/-/ansi-regex-6.2.2.tgz", {}, "sha512-Bq3SmSpyFHaWjPk8If9yc6svM8c56dB5BAtW4Qbw5jHTwwXXcTLoRMkpDJp6VL0XzlWaCHTXrkFURMYmD0sLqg=="],

    "ansi-styles": ["ansi-styles@6.2.3", "https://npmproxy.autoproxxy.com:2443/ask-in-opers-wbudsfo9i2e98e9wdu7s98grt9ui32rew/ansi-styles/-/ansi-styles-6.2.3.tgz", {}, "sha512-4Dj6M28JB+oAH8kFkTLUo+a2jwOFkuqb3yucU0CANcRRUbxS0cP0nZYCGjcc3BNXwRIsUVmDGgzawme7zvJHvg=="],

    "cliui": ["cliui@9.0.1", "https://npmproxy.autoproxxy.com:2443/ask-in-opers-wbudsfo9i2e98e9wdu7s98grt9ui32rew/cliui/-/cliui-9.0.1.tgz", { "dependencies": { "string-width": "^7.2.0", "strip-ansi": "^7.1.0", "wrap-ansi": "^9.0.0" } }, "sha512-k7ndgKhwoQveBL+/1tqGJYNz097I7WOvwbmmU2AR5+magtbjPWQTS1C5vzGkBC8Ym8UWRzfKUzUUqFLypY4Q+w=="],

    "content-type": ["content-type@1.0.5", "https://npmproxy.autoproxxy.com:2443/ask-in-opers-wbudsfo9i2e98e9wdu7s98grt9ui32rew/content-type/-/content-type-1.0.5.tgz", {}, "sha512-nTjqfcBFEipKdXCv4YDQWCfmcLZKm81ldF0pAopTvyrFGVbcR6P/VAAd5G7N+0tTr8QqiU0tFadD6FK4NtJwOA=="],

    "emoji-regex": ["emoji-regex@10.6.0", "https://npmproxy.autoproxxy.com:2443/ask-in-opers-wbudsfo9i2e98e9wdu7s98grt9ui32rew/emoji-regex/-/emoji-regex-10.6.0.tgz", {}, "sha512-toUI84YS5YmxW219erniWD0CIVOo46xGKColeNQRgOzDorgBi1v4D71/OFzgD9GO2UGKIv1C3Sp8DAn0+j5w7A=="],

    "encoding": ["encoding@0.1.13", "https://npmproxy.autoproxxy.com:2443/ask-in-opers-wbudsfo9i2e98e9wdu7s98grt9ui32rew/encoding/-/encoding-0.1.13.tgz", { "dependencies": { "iconv-lite": "^0.6.2" } }, "sha512-ETBauow1T35Y/WZMkio9jiM0Z5xjHHmJ4XmjZOq1l/dXz3lr2sRn87nJy20RupqSh1F2m3HHPSp8ShIPQJrJ3A=="],

    "escalade": ["escalade@3.2.0", "https://npmproxy.autoproxxy.com:2443/ask-in-opers-wbudsfo9i2e98e9wdu7s98grt9ui32rew/escalade/-/escalade-3.2.0.tgz", {}, "sha512-WUj2qlxaQtO4g6Pq5c29GTcWGDyd8itL8zTlipgECz3JesAiiOKotd8JU6otB3PACgG6xkJUyVhboMS+bje/jA=="],

    "get-caller-file": ["get-caller-file@2.0.5", "https://npmproxy.autoproxxy.com:2443/ask-in-opers-wbudsfo9i2e98e9wdu7s98grt9ui32rew/get-caller-file/-/get-caller-file-2.0.5.tgz", {}, "sha512-DyFP3BM/3YHTQOCUL/w0OZHR0lpKeGrxotcHWcqNEdnltqFwXVfhEBQ94eIo34AfQpo0rGki4cyIiftY06h2Fg=="],

    "get-east-asian-width": ["get-east-asian-width@1.6.0", "https://npmproxy.autoproxxy.com:2443/ask-in-opers-wbudsfo9i2e98e9wdu7s98grt9ui32rew/get-east-asian-width/-/get-east-asian-width-1.6.0.tgz", {}, "sha512-QRbvDIbx6YklUe6RxeTeleMR0yv3cYH6PsPZHcnVn7xv7zO1BHN8r0XETu8n6Ye3Q+ahtSarc3WgtNWmehIBfA=="],

    "gettext-parser": ["gettext-parser@9.1.1", "https://npmproxy.autoproxxy.com:2443/ask-in-opers-wbudsfo9i2e98e9wdu7s98grt9ui32rew/gettext-parser/-/gettext-parser-9.1.1.tgz", { "dependencies": { "content-type": "^1.0.5", "encoding": "^0.1.13" } }, "sha512-ZLeqWPz9OMNrTgMuww0C22kkcNqis+e4059R94t7L7ERlZ2rUNpiDbaAUus+esBC6uBAQWbS9N+R5vJIJg//lw=="],

    "iconv-lite": ["iconv-lite@0.6.3", "https://npmproxy.autoproxxy.com:2443/ask-in-opers-wbudsfo9i2e98e9wdu7s98grt9ui32rew/iconv-lite/-/iconv-lite-0.6.3.tgz", { "dependencies": { "safer-buffer": ">= 2.1.2 < 3.0.0" } }, "sha512-4fCk79wshMdzMp2rH06qWrJE4iolqLhCUH+OiuIgU++RB0+94NlDL81atO7GX55uUKueo0txHNtvEyI6D7WdMw=="],

    "p-limit": ["p-limit@7.3.1", "https://npmproxy.autoproxxy.com:2443/ask-in-opers-wbudsfo9i2e98e9wdu7s98grt9ui32rew/p-limit/-/p-limit-7.3.1.tgz", { "dependencies": { "yocto-queue": "^1.2.1" } }, "sha512-0trZaiG7Y7kN/Egy9a8j47t9osC0Tch4PaIWd9yGF6bvmlk7muExRvGNYb8sXBwEKMoNKsbNN9P8EefuQekE4Q=="],

    "safer-buffer": ["safer-buffer@2.1.2", "https://npmproxy.autoproxxy.com:2443/ask-in-opers-wbudsfo9i2e98e9wdu7s98grt9ui32rew/safer-buffer/-/safer-buffer-2.1.2.tgz", {}, "sha512-YZo3K82SD7Riyi0E1EQPojLz7kpepnSQI9IyPbHHg1XXXevb5dJI7tpyN2ADxGcQbHG7vcyRHk0cbwqcQriUtg=="],

    "string-width": ["string-width@7.2.0", "https://npmproxy.autoproxxy.com:2443/ask-in-opers-wbudsfo9i2e98e9wdu7s98grt9ui32rew/string-width/-/string-width-7.2.0.tgz", { "dependencies": { "emoji-regex": "^10.3.0", "get-east-asian-width": "^1.0.0", "strip-ansi": "^7.1.0" } }, "sha512-tsaTIkKW9b4N+AEj+SVA+WhJzV7/zMhcSu78mLKWSk7cXMOSHsBKFWUs0fWwq8QyK3MgJBQRX6Gbi4kYbdvGkQ=="],

    "strip-ansi": ["strip-ansi@7.2.0", "https://npmproxy.autoproxxy.com:2443/ask-in-opers-wbudsfo9i2e98e9wdu7s98grt9ui32rew/strip-ansi/-/strip-ansi-7.2.0.tgz", { "dependencies": { "ansi-regex": "^6.2.2" } }, "sha512-yDPMNjp4WyfYBkHnjIRLfca1i6KMyGCtsVgoKe/z1+6vukgaENdgGBZt+ZmKPc4gavvEZ5OgHfHdrazhgNyG7w=="],

    "typescript": ["typescript@5.9.3", "https://npmproxy.autoproxxy.com:2443/ask-in-opers-wbudsfo9i2e98e9wdu7s98grt9ui32rew/typescript/-/typescript-5.9.3.tgz", { "bin": { "tsc": "bin/tsc", "tsserver": "bin/tsserver" } }, "sha512-jl1vZzPDinLr9eUt3J/t7V6FgNEw9QjvBPdysz9KfQDD41fQrC2Y4vKQdiaUpFT4bXlb1RHhLpp8wtm6M5TgSw=="],

    "undici-types": ["undici-types@6.21.0", "https://npmproxy.autoproxxy.com:2443/ask-in-opers-wbudsfo9i2e98e9wdu7s98grt9ui32rew/undici-types/-/undici-types-6.21.0.tgz", {}, "sha512-iwDZqg0QAGrg9Rav5H4n0M64c3mkR59cJ6wQp+7C4nI0gsmExaedaYLNO44eT4AtBBwjbTiGPMlt2Md0T9H9JQ=="],

    "wrap-ansi": ["wrap-ansi@9.0.2", "https://npmproxy.autoproxxy.com:2443/ask-in-opers-wbudsfo9i2e98e9wdu7s98grt9ui32rew/wrap-ansi/-/wrap-ansi-9.0.2.tgz", { "dependencies": { "ansi-styles": "^6.2.1", "string-width": "^7.0.0", "strip-ansi": "^7.1.0" } }, "sha512-42AtmgqjV+X1VpdOfyTGOYRi0/zsoLqtXQckTmqTeybT+BDIbM/Guxo7x3pE2vtpr1ok6xRqM9OpBe+Jyoqyww=="],

    "y18n": ["y18n@5.0.8", "https://npmproxy.autoproxxy.com:2443/ask-in-opers-wbudsfo9i2e98e9wdu7s98grt9ui32rew/y18n/-/y18n-5.0.8.tgz", {}, "sha512-0pfFzegeDWJHJIAmTLRP2DwHjdF5s7jo9tuztdQxAhINCdvS+3nGINqPd00AphqJR/0LhANUS6/+7SCb98YOfA=="],

    "yargs": ["yargs@18.0.0", "https://npmproxy.autoproxxy.com:2443/ask-in-opers-wbudsfo9i2e98e9wdu7s98grt9ui32rew/yargs/-/yargs-18.0.0.tgz", { "dependencies": { "cliui": "^9.0.1", "escalade": "^3.1.1", "get-caller-file": "^2.0.5", "string-width": "^7.2.0", "y18n": "^5.0.5", "yargs-parser": "^22.0.0" } }, "sha512-4UEqdc2RYGHZc7Doyqkrqiln3p9X2DZVxaGbwhn2pi7MrRagKaOcIKe8L3OxYcbhXLgLFUS3zAYuQjKBQgmuNg=="],

    "yargs-parser": ["yargs-parser@22.0.0", "https://npmproxy.autoproxxy.com:2443/ask-in-opers-wbudsfo9i2e98e9wdu7s98grt9ui32rew/yargs-parser/-/yargs-parser-22.0.0.tgz", {}, "sha512-rwu/ClNdSMpkSrUb+d6BRsSkLUq1fmfsY6TOpYzTwvwkg1/NRG85KBy3kq++A8LKQwX6lsu+aWad+2khvuXrqw=="],

    "yocto-queue": ["yocto-queue@1.2.2", "https://npmproxy.autoproxxy.com:2443/ask-in-opers-wbudsfo9i2e98e9wdu7s98grt9ui32rew/yocto-queue/-/yocto-queue-1.2.2.tgz", {}, "sha512-4LCcse/U2MHZ63HAJVE+v71o7yOdIe4cZ70Wpf8D/IyjDKYQLV5GD46B+hSTjJsvV5PztjvHoU580EftxjDZFQ=="],
  }
}
